
Microsoft Visual Studio Solution File, Format Version 12.00
# Visual Studio 15
VisualStudioVersion = 15.0.27130.0
MinimumVisualStudioVersion = 10.0.40219.1
Project("{FAE04EC0-301F-11D3-BF4B-00C04F79EFBC}") = "01. Alcohol Market", "01. Alcohol Market.csproj", "{79B56773-2B02-4861-878F-ABD0E4428EAA}"
EndProject
Project("{FAE04EC0-301F-11D3-BF4B-00C04F79EFBC}") = "02. Toy Shop", "..\02. Toy Shop\02. Toy Shop.csproj", "{521D7B8B-FB3B-47DD-95B0-89702BE43738}"
EndProject
Project("{FAE04EC0-301F-11D3-BF4B-00C04F79EFBC}") = "03. School Camp", "..\03. School Camp\03. School Camp.csproj", "{FD3FFF0E-6C61-402B-B307-9A1FE45C3EDC}"
EndProject
Project("{FAE04EC0-301F-11D3-BF4B-00C04F79EFBC}") = "04. Football League", "..\04. Football League\04. Football League.csproj", "{EDBD9E9B-E164-45A7-A68E-3737E63CBD00}"
EndProject
Project("{FAE04EC0-301F-11D3-BF4B-00C04F79EFBC}") = "05. Crown", "..\05. Crown\05. Crown.csproj", "{3A03A779-7AA3-4D93-9B84-0E1C78CC73DD}"
EndProject
Project("{FAE04EC0-301F-11D3-BF4B-00C04F79EFBC}") = "06. Number Generator", "..\06. Number Generator\06. Number Generator.csproj", "{6F3C9D28-BBAB-4338-A8AA-00402D8E5666}"
EndProject
Global
	GlobalSection(SolutionConfigurationPlatforms) = preSolution
		Debug|Any CPU = Debug|Any CPU
		Release|Any CPU = Release|Any CPU
	EndGlobalSection
	GlobalSection(ProjectConfigurationPlatforms) = postSolution
		{79B56773-2B02-4861-878F-ABD0E4428EAA}.Debug|Any CPU.ActiveCfg = Debug|Any CPU
		{79B56773-2B02-4861-878F-ABD0E4428EAA}.Debug|Any CPU.Build.0 = Debug|Any CPU
		{79B56773-2B02-4861-878F-ABD0E4428EAA}.Release|Any CPU.ActiveCfg = Release|Any CPU
		{79B56773-2B02-4861-878F-ABD0E4428EAA}.Release|Any CPU.Build.0 = Release|Any CPU
		{521D7B8B-FB3B-47DD-95B0-89702BE43738}.Debug|Any CPU.ActiveCfg = Debug|Any CPU
		{521D7B8B-FB3B-47DD-95B0-89702BE43738}.Debug|Any CPU.Build.0 = Debug|Any CPU
		{521D7B8B-FB3B-47DD-95B0-89702BE43738}.Release|Any CPU.ActiveCfg = Release|Any CPU
		{521D7B8B-FB3B-47DD-95B0-89702BE43738}.Release|Any CPU.Build.0 = Release|Any CPU
		{FD3FFF0E-6C61-402B-B307-9A1FE45C3EDC}.Debug|Any CPU.ActiveCfg = Debug|Any CPU
		{FD3FFF0E-6C61-402B-B307-9A1FE45C3EDC}.Debug|Any CPU.Build.0 = Debug|Any CPU
		{FD3FFF0E-6C61-402B-B307-9A1FE45C3EDC}.Release|Any CPU.ActiveCfg = Release|Any CPU
		{FD3FFF0E-6C61-402B-B307-9A1FE45C3EDC}.Release|Any CPU.Build.0 = Release|Any CPU
		{EDBD9E9B-E164-45A7-A68E-3737E63CBD00}.Debug|Any CPU.ActiveCfg = Debug|Any CPU
		{EDBD9E9B-E164-45A7-A68E-3737E63CBD00}.Debug|Any CPU.Build.0 = Debug|Any CPU
		{EDBD9E9B-E164-45A7-A68E-3737E63CBD00}.Release|Any CPU.ActiveCfg = Release|Any CPU
		{EDBD9E9B-E164-45A7-A68E-3737E63CBD00}.Release|Any CPU.Build.0 = Release|Any CPU
		{3A03A779-7AA3-4D93-9B84-0E1C78CC73DD}.Debug|Any CPU.ActiveCfg = Debug|Any CPU
		{3A03A779-7AA3-4D93-9B84-0E1C78CC73DD}.Debug|Any CPU.Build.0 = Debug|Any CPU
		{3A03A779-7AA3-4D93-9B84-0E1C78CC73DD}.Release|Any CPU.ActiveCfg = Release|Any CPU
		{3A03A779-7AA3-4D93-9B84-0E1C78CC73DD}.Release|Any CPU.Build.0 = Release|Any CPU
		{6F3C9D28-BBAB-4338-A8AA-00402D8E5666}.Debug|Any CPU.ActiveCfg = Debug|Any CPU
		{6F3C9D28-BBAB-4338-A8AA-00402D8E5666}.Debug|Any CPU.Build.0 = Debug|Any CPU
		{6F3C9D28-BBAB-4338-A8AA-00402D8E5666}.Release|Any CPU.ActiveCfg = Release|Any CPU
		{6F3C9D28-BBAB-4338-A8AA-00402D8E5666}.Release|Any CPU.Build.0 = Release|Any CPU
	EndGlobalSection
	GlobalSection(SolutionProperties) = preSolution
		HideSolutionNode = FALSE
	EndGlobalSection
	GlobalSection(ExtensibilityGlobals) = postSolution
		SolutionGuid = {2FB09D11-3A56-4627-A565-1FD1DE05E110}
	EndGlobalSection
EndGlobal
